// !$*UTF8*$!
{
	archiveVersion = 1;
	classes = {
	};
	objectVersion = 46;
	objects = {

/* Begin PBXBuildFile section */
		6E83AF4714EE621E00DB8962 /* Cocoa.framework in Frameworks */ = {isa = PBXBuildFile; fileRef = 6E83AF4614EE621E00DB8962 /* Cocoa.framework */; };
		6E83AF5114EE621E00DB8962 /* InfoPlist.strings in Resources */ = {isa = PBXBuildFile; fileRef = 6E83AF4F14EE621E00DB8962 /* InfoPlist.strings */; };
		6E83AF5314EE621E00DB8962 /* main.m in Sources */ = {isa = PBXBuildFile; fileRef = 6E83AF5214EE621E00DB8962 /* main.m */; };
		6E83AF5714EE621E00DB8962 /* Credits.rtf in Resources */ = {isa = PBXBuildFile; fileRef = 6E83AF5514EE621E00DB8962 /* Credits.rtf */; };
		6E83AF5A14EE621E00DB8962 /* AppDelegate.m in Sources */ = {isa = PBXBuildFile; fileRef = 6E83AF5914EE621E00DB8962 /* AppDelegate.m */; };
		6E83AF5D14EE621E00DB8962 /* MainMenu.xib in Resources */ = {isa = PBXBuildFile; fileRef = 6E83AF5B14EE621E00DB8962 /* MainMenu.xib */; };
		6E83AF6614EE633000DB8962 /* Zone.m in Sources */ = {isa = PBXBuildFile; fileRef = 6E83AF6514EE633000DB8962 /* Zone.m */; };
		6E83AF6A14EE656300DB8962 /* TimePeriod.m in Sources */ = {isa = PBXBuildFile; fileRef = 6E83AF6914EE656300DB8962 /* TimePeriod.m */; };
		6E83AF6D14EE6CD900DB8962 /* stone_image.png in Resources */ = {isa = PBXBuildFile; fileRef = 6E83AF6C14EE6CD900DB8962 /* stone_image.png */; };
		6E83AF7014EE743F00DB8962 /* ZoneView.m in Sources */ = {isa = PBXBuildFile; fileRef = 6E83AF6F14EE743F00DB8962 /* ZoneView.m */; };
		6E83AF7D14EE9C0600DB8962 /* stone_image_highlighted.png in Resources */ = {isa = PBXBuildFile; fileRef = 6E83AF7C14EE9C0600DB8962 /* stone_image_highlighted.png */; };
/* End PBXBuildFile section */

/* Begin PBXFileReference section */
		6E83AF4214EE621E00DB8962 /* Stone.app */ = {isa = PBXFileReference; explicitFileType = wrapper.application; includeInIndex = 0; path = Stone.app; sourceTree = BUILT_PRODUCTS_DIR; };
		6E83AF4614EE621E00DB8962 /* Cocoa.framework */ = {isa = PBXFileReference; lastKnownFileType = wrapper.framework; name = Cocoa.framework; path = System/Library/Frameworks/Cocoa.framework; sourceTree = SDKROOT; };
		6E83AF4914EE621E00DB8962 /* AppKit.framework */ = {isa = PBXFileReference; lastKnownFileType = wrapper.framework; name = AppKit.framework; path = System/Library/Frameworks/AppKit.framework; sourceTree = SDKROOT; };
		6E83AF4A14EE621E00DB8962 /* CoreData.framework */ = {isa = PBXFileReference; lastKnownFileType = wrapper.framework; name = CoreData.framework; path = System/Library/Frameworks/CoreData.framework; sourceTree = SDKROOT; };
		6E83AF4B14EE621E00DB8962 /* Foundation.framework */ = {isa = PBXFileReference; lastKnownFileType = wrapper.framework; name = Foundation.framework; path = System/Library/Frameworks/Foundation.framework; sourceTree = SDKROOT; };
		6E83AF4E14EE621E00DB8962 /* Stone-Info.plist */ = {isa = PBXFileReference; lastKnownFileType = text.plist.xml; path = "Stone-Info.plist"; sourceTree = "<group>"; };
		6E83AF5014EE621E00DB8962 /* en */ = {isa = PBXFileReference; lastKnownFileType = text.plist.strings; name = en; path = en.lproj/InfoPlist.strings; sourceTree = "<group>"; };
		6E83AF5214EE621E00DB8962 /* main.m */ = {isa = PBXFileReference; lastKnownFileType = sourcecode.c.objc; path = main.m; sourceTree = "<group>"; };
		6E83AF5414EE621E00DB8962 /* Stone-Prefix.pch */ = {isa = PBXFileReference; lastKnownFileType = sourcecode.c.h; path = "Stone-Prefix.pch"; sourceTree = "<group>"; };
		6E83AF5614EE621E00DB8962 /* en */ = {isa = PBXFileReference; lastKnownFileType = text.rtf; name = en; path = en.lproj/Credits.rtf; sourceTree = "<group>"; };
		6E83AF5814EE621E00DB8962 /* AppDelegate.h */ = {isa = PBXFileReference; lastKnownFileType = sourcecode.c.h; path = AppDelegate.h; sourceTree = "<group>"; };
		6E83AF5914EE621E00DB8962 /* AppDelegate.m */ = {isa = PBXFileReference; lastKnownFileType = sourcecode.c.objc; path = AppDelegate.m; sourceTree = "<group>"; };
		6E83AF5C14EE621E00DB8962 /* en */ = {isa = PBXFileReference; lastKnownFileType = file.xib; name = en; path = en.lproj/MainMenu.xib; sourceTree = "<group>"; };
		6E83AF6414EE633000DB8962 /* Zone.h */ = {isa = PBXFileReference; fileEncoding = 4; lastKnownFileType = sourcecode.c.h; name = Zone.h; path = models/Zone.h; sourceTree = "<group>"; };
		6E83AF6514EE633000DB8962 /* Zone.m */ = {isa = PBXFileReference; fileEncoding = 4; lastKnownFileType = sourcecode.c.objc; name = Zone.m; path = models/Zone.m; sourceTree = "<group>"; };
		6E83AF6714EE64B100DB8962 /* Constants.h */ = {isa = PBXFileReference; fileEncoding = 4; lastKnownFileType = sourcecode.c.h; name = Constants.h; path = models/Constants.h; sourceTree = "<group>"; };
		6E83AF6814EE656300DB8962 /* TimePeriod.h */ = {isa = PBXFileReference; fileEncoding = 4; lastKnownFileType = sourcecode.c.h; name = TimePeriod.h; path = models/TimePeriod.h; sourceTree = "<group>"; };
		6E83AF6914EE656300DB8962 /* TimePeriod.m */ = {isa = PBXFileReference; fileEncoding = 4; lastKnownFileType = sourcecode.c.objc; name = TimePeriod.m; path = models/TimePeriod.m; sourceTree = "<group>"; };
		6E83AF6C14EE6CD900DB8962 /* stone_image.png */ = {isa = PBXFileReference; lastKnownFileType = image.png; path = stone_image.png; sourceTree = "<group>"; };
		6E83AF6E14EE743F00DB8962 /* ZoneView.h */ = {isa = PBXFileReference; fileEncoding = 4; lastKnownFileType = sourcecode.c.h; name = ZoneView.h; path = views/ZoneView.h; sourceTree = "<group>"; };
		6E83AF6F14EE743F00DB8962 /* ZoneView.m */ = {isa = PBXFileReference; fileEncoding = 4; lastKnownFileType = sourcecode.c.objc; name = ZoneView.m; path = views/ZoneView.m; sourceTree = "<group>"; };
		6E83AF7C14EE9C0600DB8962 /* stone_image_highlighted.png */ = {isa = PBXFileReference; lastKnownFileType = image.png; path = stone_image_highlighted.png; sourceTree = "<group>"; };
/* End PBXFileReference section */

/* Begin PBXFrameworksBuildPhase section */
		6E83AF3F14EE621E00DB8962 /* Frameworks */ = {
			isa = PBXFrameworksBuildPhase;
			buildActionMask = 2147483647;
			files = (
				6E83AF4714EE621E00DB8962 /* Cocoa.framework in Frameworks */,
			);
			runOnlyForDeploymentPostprocessing = 0;
		};
/* End PBXFrameworksBuildPhase section */

/* Begin PBXGroup section */
		6E83AF3714EE621E00DB8962 = {
			isa = PBXGroup;
			children = (
				6E83AF4C14EE621E00DB8962 /* Stone */,
				6E83AF4514EE621E00DB8962 /* Frameworks */,
				6E83AF4314EE621E00DB8962 /* Products */,
			);
			sourceTree = "<group>";
		};
		6E83AF4314EE621E00DB8962 /* Products */ = {
			isa = PBXGroup;
			children = (
				6E83AF4214EE621E00DB8962 /* Stone.app */,
			);
			name = Products;
			sourceTree = "<group>";
		};
		6E83AF4514EE621E00DB8962 /* Frameworks */ = {
			isa = PBXGroup;
			children = (
				6E83AF4614EE621E00DB8962 /* Cocoa.framework */,
				6E83AF4814EE621E00DB8962 /* Other Frameworks */,
			);
			name = Frameworks;
			sourceTree = "<group>";
		};
		6E83AF4814EE621E00DB8962 /* Other Frameworks */ = {
			isa = PBXGroup;
			children = (
				6E83AF4914EE621E00DB8962 /* AppKit.framework */,
				6E83AF4A14EE621E00DB8962 /* CoreData.framework */,
				6E83AF4B14EE621E00DB8962 /* Foundation.framework */,
			);
			name = "Other Frameworks";
			sourceTree = "<group>";
		};
		6E83AF4C14EE621E00DB8962 /* Stone */ = {
			isa = PBXGroup;
			children = (
				6E83AF7114EE744700DB8962 /* views */,
				6E83AF6B14EE6CD900DB8962 /* Resources */,
				6E83AF6314EE630B00DB8962 /* Models */,
				6E83AF5814EE621E00DB8962 /* AppDelegate.h */,
				6E83AF5914EE621E00DB8962 /* AppDelegate.m */,
				6E83AF5B14EE621E00DB8962 /* MainMenu.xib */,
				6E83AF4D14EE621E00DB8962 /* Supporting Files */,
			);
			path = Stone;
			sourceTree = "<group>";
		};
		6E83AF4D14EE621E00DB8962 /* Supporting Files */ = {
			isa = PBXGroup;
			children = (
				6E83AF4E14EE621E00DB8962 /* Stone-Info.plist */,
				6E83AF4F14EE621E00DB8962 /* InfoPlist.strings */,
				6E83AF5214EE621E00DB8962 /* main.m */,
				6E83AF5414EE621E00DB8962 /* Stone-Prefix.pch */,
				6E83AF5514EE621E00DB8962 /* Credits.rtf */,
			);
			name = "Supporting Files";
			sourceTree = "<group>";
		};
		6E83AF6314EE630B00DB8962 /* Models */ = {
			isa = PBXGroup;
			children = (
				6E83AF6414EE633000DB8962 /* Zone.h */,
				6E83AF6514EE633000DB8962 /* Zone.m */,
				6E83AF6714EE64B100DB8962 /* Constants.h */,
				6E83AF6814EE656300DB8962 /* TimePeriod.h */,
				6E83AF6914EE656300DB8962 /* TimePeriod.m */,
			);
			name = Models;
			sourceTree = "<group>";
		};
		6E83AF6B14EE6CD900DB8962 /* Resources */ = {
			isa = PBXGroup;
			children = (
				6E83AF7C14EE9C0600DB8962 /* stone_image_highlighted.png */,
				6E83AF6C14EE6CD900DB8962 /* stone_image.png */,
			);
			name = Resources;
			path = resources;
			sourceTree = "<group>";
		};
		6E83AF7114EE744700DB8962 /* views */ = {
			isa = PBXGroup;
			children = (
				6E83AF6E14EE743F00DB8962 /* ZoneView.h */,
				6E83AF6F14EE743F00DB8962 /* ZoneView.m */,
			);
			name = views;
			sourceTree = "<group>";
		};
/* End PBXGroup section */

/* Begin PBXNativeTarget section */
		6E83AF4114EE621E00DB8962 /* Stone */ = {
			isa = PBXNativeTarget;
			buildConfigurationList = 6E83AF6014EE621E00DB8962 /* Build configuration list for PBXNativeTarget "Stone" */;
			buildPhases = (
				6E83AF3E14EE621E00DB8962 /* Sources */,
				6E83AF3F14EE621E00DB8962 /* Frameworks */,
				6E83AF4014EE621E00DB8962 /* Resources */,
			);
			buildRules = (
			);
			dependencies = (
			);
			name = Stone;
			productName = Stone;
			productReference = 6E83AF4214EE621E00DB8962 /* Stone.app */;
			productType = "com.apple.product-type.application";
		};
/* End PBXNativeTarget section */

/* Begin PBXProject section */
		6E83AF3914EE621E00DB8962 /* Project object */ = {
			isa = PBXProject;
			attributes = {
				LastUpgradeCheck = 0420;
			};
			buildConfigurationList = 6E83AF3C14EE621E00DB8962 /* Build configuration list for PBXProject "Stone" */;
			compatibilityVersion = "Xcode 3.2";
			developmentRegion = English;
			hasScannedForEncodings = 0;
			knownRegions = (
				en,
			);
			mainGroup = 6E83AF3714EE621E00DB8962;
			productRefGroup = 6E83AF4314EE621E00DB8962 /* Products */;
			projectDirPath = "";
			projectRoot = "";
			targets = (
				6E83AF4114EE621E00DB8962 /* Stone */,
			);
		};
/* End PBXProject section */

/* Begin PBXResourcesBuildPhase section */
		6E83AF4014EE621E00DB8962 /* Resources */ = {
			isa = PBXResourcesBuildPhase;
			buildActionMask = 2147483647;
			files = (
				6E83AF5114EE621E00DB8962 /* InfoPlist.strings in Resources */,
				6E83AF5714EE621E00DB8962 /* Credits.rtf in Resources */,
				6E83AF5D14EE621E00DB8962 /* MainMenu.xib in Resources */,
				6E83AF6D14EE6CD900DB8962 /* stone_image.png in Resources */,
				6E83AF7D14EE9C0600DB8962 /* stone_image_highlighted.png in Resources */,
			);
			runOnlyForDeploymentPostprocessing = 0;
		};
/* End PBXResourcesBuildPhase section */

/* Begin PBXSourcesBuildPhase section */
		6E83AF3E14EE621E00DB8962 /* Sources */ = {
			isa = PBXSourcesBuildPhase;
			buildActionMask = 2147483647;
			files = (
				6E83AF5314EE621E00DB8962 /* main.m in Sources */,
				6E83AF5A14EE621E00DB8962 /* AppDelegate.m in Sources */,
				6E83AF6614EE633000DB8962 /* Zone.m in Sources */,
				6E83AF6A14EE656300DB8962 /* TimePeriod.m in Sources */,
				6E83AF7014EE743F00DB8962 /* ZoneView.m in Sources */,
			);
			runOnlyForDeploymentPostprocessing = 0;
		};
/* End PBXSourcesBuildPhase section */

/* Begin PBXVariantGroup section */
		6E83AF4F14EE621E00DB8962 /* InfoPlist.strings */ = {
			isa = PBXVariantGroup;
			children = (
				6E83AF5014EE621E00DB8962 /* en */,
			);
			name = InfoPlist.strings;
			sourceTree = "<group>";
		};
		6E83AF5514EE621E00DB8962 /* Credits.rtf */ = {
			isa = PBXVariantGroup;
			children = (
				6E83AF5614EE621E00DB8962 /* en */,
			);
			name = Credits.rtf;
			sourceTree = "<group>";
		};
		6E83AF5B14EE621E00DB8962 /* MainMenu.xib */ = {
			isa = PBXVariantGroup;
			children = (
				6E83AF5C14EE621E00DB8962 /* en */,
			);
			name = MainMenu.xib;
			sourceTree = "<group>";
		};
/* End PBXVariantGroup section */

/* Begin XCBuildConfiguration section */
		6E83AF5E14EE621E00DB8962 /* Debug */ = {
			isa = XCBuildConfiguration;
			buildSettings = {
				ALWAYS_SEARCH_USER_PATHS = NO;
				ARCHS = "$(ARCHS_STANDARD_64_BIT)";
				CLANG_ENABLE_OBJC_ARC = YES;
				COPY_PHASE_STRIP = NO;
				GCC_C_LANGUAGE_STANDARD = gnu99;
				GCC_DYNAMIC_NO_PIC = NO;
				GCC_ENABLE_OBJC_EXCEPTIONS = YES;
				GCC_OPTIMIZATION_LEVEL = 0;
				GCC_PREPROCESSOR_DEFINITIONS = (
					"DEBUG=1",
					"$(inherited)",
				);
				GCC_SYMBOLS_PRIVATE_EXTERN = NO;
				GCC_VERSION = com.apple.compilers.llvm.clang.1_0;
				GCC_WARN_64_TO_32_BIT_CONVERSION = YES;
				GCC_WARN_ABOUT_MISSING_PROTOTYPES = YES;
				GCC_WARN_ABOUT_RETURN_TYPE = YES;
				GCC_WARN_UNUSED_VARIABLE = YES;
				MACOSX_DEPLOYMENT_TARGET = 10.7;
				ONLY_ACTIVE_ARCH = YES;
				SDKROOT = macosx;
			};
			name = Debug;
		};
		6E83AF5F14EE621E00DB8962 /* Release */ = {
			isa = XCBuildConfiguration;
			buildSettings = {
				ALWAYS_SEARCH_USER_PATHS = NO;
				ARCHS = "$(ARCHS_STANDARD_64_BIT)";
				CLANG_ENABLE_OBJC_ARC = YES;
				COPY_PHASE_STRIP = YES;
				DEBUG_INFORMATION_FORMAT = "dwarf-with-dsym";
				GCC_C_LANGUAGE_STANDARD = gnu99;
				GCC_ENABLE_OBJC_EXCEPTIONS = YES;
				GCC_VERSION = com.apple.compilers.llvm.clang.1_0;
				GCC_WARN_64_TO_32_BIT_CONVERSION = YES;
				GCC_WARN_ABOUT_MISSING_PROTOTYPES = YES;
				GCC_WARN_ABOUT_RETURN_TYPE = YES;
				GCC_WARN_UNUSED_VARIABLE = YES;
				MACOSX_DEPLOYMENT_TARGET = 10.7;
				SDKROOT = macosx;
			};
			name = Release;
		};
		6E83AF6114EE621E00DB8962 /* Debug */ = {
			isa = XCBuildConfiguration;
			buildSettings = {
				GCC_PRECOMPILE_PREFIX_HEADER = YES;
				GCC_PREFIX_HEADER = "Stone/Stone-Prefix.pch";
				GCC_TREAT_WARNINGS_AS_ERRORS = YES;
				INFOPLIST_FILE = "Stone/Stone-Info.plist";
				PRODUCT_NAME = "$(TARGET_NAME)";
				WRAPPER_EXTENSION = app;
			};
			name = Debug;
		};
		6E83AF6214EE621E00DB8962 /* Release */ = {
			isa = XCBuildConfiguration;
			buildSettings = {
				GCC_PRECOMPILE_PREFIX_HEADER = YES;
				GCC_PREFIX_HEADER = "Stone/Stone-Prefix.pch";
				GCC_TREAT_WARNINGS_AS_ERRORS = YES;
				INFOPLIST_FILE = "Stone/Stone-Info.plist";
				PRODUCT_NAME = "$(TARGET_NAME)";
				WRAPPER_EXTENSION = app;
			};
			name = Release;
		};
/* End XCBuildConfiguration section */

/* Begin XCConfigurationList section */
		6E83AF3C14EE621E00DB8962 /* Build configuration list for PBXProject "Stone" */ = {
			isa = XCConfigurationList;
			buildConfigurations = (
				6E83AF5E14EE621E00DB8962 /* Debug */,
				6E83AF5F14EE621E00DB8962 /* Release */,
			);
			defaultConfigurationIsVisible = 0;
			defaultConfigurationName = Release;
		};
		6E83AF6014EE621E00DB8962 /* Build configuration list for PBXNativeTarget "Stone" */ = {
			isa = XCConfigurationList;
			buildConfigurations = (
				6E83AF6114EE621E00DB8962 /* Debug */,
				6E83AF6214EE621E00DB8962 /* Release */,
			);
			defaultConfigurationIsVisible = 0;
		};
/* End XCConfigurationList section */
	};
	rootObject = 6E83AF3914EE621E00DB8962 /* Project object */;
}
